
Microsoft Visual Studio Solution File, Format Version 12.00
# Visual Studio 2013
VisualStudioVersion = 12.0.30501.0
MinimumVisualStudioVersion = 10.0.40219.1
Project("{F184B08F-C81C-45F6-A57F-5ABD9991F28F}") = "WarehouseManagementSystem", "WarehouseManagementSystem\WarehouseManagementSystem.vbproj", "{1150F957-1064-4032-BE41-24260DE3C5ED}"
EndProject
Global
	GlobalSection(SolutionConfigurationPlatforms) = preSolution
		Debug|Any CPU = Debug|Any CPU
		Release|Any CPU = Release|Any CPU
	EndGlobalSection
	GlobalSection(ProjectConfigurationPlatforms) = postSolution
		{1150F957-1064-4032-BE41-24260DE3C5ED}.Debug|Any CPU.ActiveCfg = Debug|Any CPU
		{1150F957-1064-4032-BE41-24260DE3C5ED}.Debug|Any CPU.Build.0 = Debug|Any CPU
		{1150F957-1064-4032-BE41-24260DE3C5ED}.Release|Any CPU.ActiveCfg = Release|Any CPU
		{1150F957-1064-4032-BE41-24260DE3C5ED}.Release|Any CPU.Build.0 = Release|Any CPU
	EndGlobalSection
	GlobalSection(SolutionProperties) = preSolution
		HideSolutionNode = FALSE
	EndGlobalSection
EndGlobal
